// !$*UTF8*$!
{
	archiveVersion = 1;
	classes = {
	};
	objectVersion = 56;
	objects = {

/* Begin PBXBuildFile section */
		9D3425512AE7F9CF00091558 /* UnitTestingExampleApp.swift in Sources */ = {isa = PBXBuildFile; fileRef = 9D3425502AE7F9CF00091558 /* UnitTestingExampleApp.swift */; };
		9D3425532AE7F9CF00091558 /* ContentView.swift in Sources */ = {isa = PBXBuildFile; fileRef = 9D3425522AE7F9CF00091558 /* ContentView.swift */; };
		9D3425552AE7F9D000091558 /* Assets.xcassets in Resources */ = {isa = PBXBuildFile; fileRef = 9D3425542AE7F9D000091558 /* Assets.xcassets */; };
		9D3425582AE7F9D000091558 /* Preview Assets.xcassets in Resources */ = {isa = PBXBuildFile; fileRef = 9D3425572AE7F9D000091558 /* Preview Assets.xcassets */; };
		9D34255F2AE7FB9300091558 /* ContentViewModel.swift in Sources */ = {isa = PBXBuildFile; fileRef = 9D34255E2AE7FB9300091558 /* ContentViewModel.swift */; };
		9D3425672AE7FCE600091558 /* UnitTestingExampleTests.swift in Sources */ = {isa = PBXBuildFile; fileRef = 9D3425662AE7FCE600091558 /* UnitTestingExampleTests.swift */; };
/* End PBXBuildFile section */

/* Begin PBXContainerItemProxy section */
		9D3425682AE7FCE600091558 /* PBXContainerItemProxy */ = {
			isa = PBXContainerItemProxy;
			containerPortal = 9D3425452AE7F9CF00091558 /* Project object */;
			proxyType = 1;
			remoteGlobalIDString = 9D34254C2AE7F9CF00091558;
			remoteInfo = UnitTestingExample;
		};
/* End PBXContainerItemProxy section */

/* Begin PBXFileReference section */
		9D34254D2AE7F9CF00091558 /* UnitTestingExample.app */ = {isa = PBXFileReference; explicitFileType = wrapper.application; includeInIndex = 0; path = UnitTestingExample.app; sourceTree = BUILT_PRODUCTS_DIR; };
		9D3425502AE7F9CF00091558 /* UnitTestingExampleApp.swift */ = {isa = PBXFileReference; lastKnownFileType = sourcecode.swift; path = UnitTestingExampleApp.swift; sourceTree = "<group>"; };
		9D3425522AE7F9CF00091558 /* ContentView.swift */ = {isa = PBXFileReference; lastKnownFileType = sourcecode.swift; path = ContentView.swift; sourceTree = "<group>"; };
		9D3425542AE7F9D000091558 /* Assets.xcassets */ = {isa = PBXFileReference; lastKnownFileType = folder.assetcatalog; path = Assets.xcassets; sourceTree = "<group>"; };
		9D3425572AE7F9D000091558 /* Preview Assets.xcassets */ = {isa = PBXFileReference; lastKnownFileType = folder.assetcatalog; path = "Preview Assets.xcassets"; sourceTree = "<group>"; };
		9D34255E2AE7FB9300091558 /* ContentViewModel.swift */ = {isa = PBXFileReference; lastKnownFileType = sourcecode.swift; path = ContentViewModel.swift; sourceTree = "<group>"; };
		9D3425642AE7FCE600091558 /* UnitTestingExampleTests.xctest */ = {isa = PBXFileReference; explicitFileType = wrapper.cfbundle; includeInIndex = 0; path = UnitTestingExampleTests.xctest; sourceTree = BUILT_PRODUCTS_DIR; };
		9D3425662AE7FCE600091558 /* UnitTestingExampleTests.swift */ = {isa = PBXFileReference; lastKnownFileType = sourcecode.swift; path = UnitTestingExampleTests.swift; sourceTree = "<group>"; };
/* End PBXFileReference section */

/* Begin PBXFrameworksBuildPhase section */
		9D34254A2AE7F9CF00091558 /* Frameworks */ = {
			isa = PBXFrameworksBuildPhase;
			buildActionMask = 2147483647;
			files = (
			);
			runOnlyForDeploymentPostprocessing = 0;
		};
		9D3425612AE7FCE600091558 /* Frameworks */ = {
			isa = PBXFrameworksBuildPhase;
			buildActionMask = 2147483647;
			files = (
			);
			runOnlyForDeploymentPostprocessing = 0;
		};
/* End PBXFrameworksBuildPhase section */

/* Begin PBXGroup section */
		9D3425442AE7F9CF00091558 = {
			isa = PBXGroup;
			children = (
				9D34254F2AE7F9CF00091558 /* UnitTestingExample */,
				9D3425652AE7FCE600091558 /* UnitTestingExampleTests */,
				9D34254E2AE7F9CF00091558 /* Products */,
			);
			sourceTree = "<group>";
		};
		9D34254E2AE7F9CF00091558 /* Products */ = {
			isa = PBXGroup;
			children = (
				9D34254D2AE7F9CF00091558 /* UnitTestingExample.app */,
				9D3425642AE7FCE600091558 /* UnitTestingExampleTests.xctest */,
			);
			name = Products;
			sourceTree = "<group>";
		};
		9D34254F2AE7F9CF00091558 /* UnitTestingExample */ = {
			isa = PBXGroup;
			children = (
				9D3425502AE7F9CF00091558 /* UnitTestingExampleApp.swift */,
				9D3425522AE7F9CF00091558 /* ContentView.swift */,
				9D34255E2AE7FB9300091558 /* ContentViewModel.swift */,
				9D3425542AE7F9D000091558 /* Assets.xcassets */,
				9D3425562AE7F9D000091558 /* Preview Content */,
			);
			path = UnitTestingExample;
			sourceTree = "<group>";
		};
		9D3425562AE7F9D000091558 /* Preview Content */ = {
			isa = PBXGroup;
			children = (
				9D3425572AE7F9D000091558 /* Preview Assets.xcassets */,
			);
			path = "Preview Content";
			sourceTree = "<group>";
		};
		9D3425652AE7FCE600091558 /* UnitTestingExampleTests */ = {
			isa = PBXGroup;
			children = (
				9D3425662AE7FCE600091558 /* UnitTestingExampleTests.swift */,
			);
			path = UnitTestingExampleTests;
			sourceTree = "<group>";
		};
/* End PBXGroup section */

/* Begin PBXNativeTarget section */
		9D34254C2AE7F9CF00091558 /* UnitTestingExample */ = {
			isa = PBXNativeTarget;
			buildConfigurationList = 9D34255B2AE7F9D000091558 /* Build configuration list for PBXNativeTarget "UnitTestingExample" */;
			buildPhases = (
				9D3425492AE7F9CF00091558 /* Sources */,
				9D34254A2AE7F9CF00091558 /* Frameworks */,
				9D34254B2AE7F9CF00091558 /* Resources */,
			);
			buildRules = (
			);
			dependencies = (
			);
			name = UnitTestingExample;
			productName = UnitTestingExample;
			productReference = 9D34254D2AE7F9CF00091558 /* UnitTestingExample.app */;
			productType = "com.apple.product-type.application";
		};
		9D3425632AE7FCE600091558 /* UnitTestingExampleTests */ = {
			isa = PBXNativeTarget;
			buildConfigurationList = 9D34256A2AE7FCE600091558 /* Build configuration list for PBXNativeTarget "UnitTestingExampleTests" */;
			buildPhases = (
				9D3425602AE7FCE600091558 /* Sources */,
				9D3425612AE7FCE600091558 /* Frameworks */,
				9D3425622AE7FCE600091558 /* Resources */,
			);
			buildRules = (
			);
			dependencies = (
				9D3425692AE7FCE600091558 /* PBXTargetDependency */,
			);
			name = UnitTestingExampleTests;
			productName = UnitTestingExampleTests;
			productReference = 9D3425642AE7FCE600091558 /* UnitTestingExampleTests.xctest */;
			productType = "com.apple.product-type.bundle.unit-test";
		};
/* End PBXNativeTarget section */

/* Begin PBXProject section */
		9D3425452AE7F9CF00091558 /* Project object */ = {
			isa = PBXProject;
			attributes = {
				BuildIndependentTargetsInParallel = 1;
				LastSwiftUpdateCheck = 1500;
				LastUpgradeCheck = 1500;
				TargetAttributes = {
					9D34254C2AE7F9CF00091558 = {
						CreatedOnToolsVersion = 15.0.1;
					};
					9D3425632AE7FCE600091558 = {
						CreatedOnToolsVersion = 15.0.1;
						TestTargetID = 9D34254C2AE7F9CF00091558;
					};
				};
			};
			buildConfigurationList = 9D3425482AE7F9CF00091558 /* Build configuration list for PBXProject "UnitTestingExample" */;
			compatibilityVersion = "Xcode 14.0";
			developmentRegion = en;
			hasScannedForEncodings = 0;
			knownRegions = (
				en,
				Base,
			);
			mainGroup = 9D3425442AE7F9CF00091558;
			productRefGroup = 9D34254E2AE7F9CF00091558 /* Products */;
			projectDirPath = "";
			projectRoot = "";
			targets = (
				9D34254C2AE7F9CF00091558 /* UnitTestingExample */,
				9D3425632AE7FCE600091558 /* UnitTestingExampleTests */,
			);
		};
/* End PBXProject section */

/* Begin PBXResourcesBuildPhase section */
		9D34254B2AE7F9CF00091558 /* Resources */ = {
			isa = PBXResourcesBuildPhase;
			buildActionMask = 2147483647;
			files = (
				9D3425582AE7F9D000091558 /* Preview Assets.xcassets in Resources */,
				9D3425552AE7F9D000091558 /* Assets.xcassets in Resources */,
			);
			runOnlyForDeploymentPostprocessing = 0;
		};
		9D3425622AE7FCE600091558 /* Resources */ = {
			isa = PBXResourcesBuildPhase;
			buildActionMask = 2147483647;
			files = (
			);
			runOnlyForDeploymentPostprocessing = 0;
		};
/* End PBXResourcesBuildPhase section */

/* Begin PBXSourcesBuildPhase section */
		9D3425492AE7F9CF00091558 /* Sources */ = {
			isa = PBXSourcesBuildPhase;
			buildActionMask = 2147483647;
			files = (
				9D3425532AE7F9CF00091558 /* ContentView.swift in Sources */,
				9D3425512AE7F9CF00091558 /* UnitTestingExampleApp.swift in Sources */,
				9D34255F2AE7FB9300091558 /* ContentViewModel.swift in Sources */,
			);
			runOnlyForDeploymentPostprocessing = 0;
		};
		9D3425602AE7FCE600091558 /* Sources */ = {
			isa = PBXSourcesBuildPhase;
			buildActionMask = 2147483647;
			files = (
				9D3425672AE7FCE600091558 /* UnitTestingExampleTests.swift in Sources */,
			);
			runOnlyForDeploymentPostprocessing = 0;
		};
/* End PBXSourcesBuildPhase section */

/* Begin PBXTargetDependency section */
		9D3425692AE7FCE600091558 /* PBXTargetDependency */ = {
			isa = PBXTargetDependency;
			target = 9D34254C2AE7F9CF00091558 /* UnitTestingExample */;
			targetProxy = 9D3425682AE7FCE600091558 /* PBXContainerItemProxy */;
		};
/* End PBXTargetDependency section */

/* Begin XCBuildConfiguration section */
		9D3425592AE7F9D000091558 /* Debug */ = {
			isa = XCBuildConfiguration;
			buildSettings = {
				ALWAYS_SEARCH_USER_PATHS = NO;
				ASSETCATALOG_COMPILER_GENERATE_SWIFT_ASSET_SYMBOL_EXTENSIONS = YES;
				CLANG_ANALYZER_NONNULL = YES;
				CLANG_ANALYZER_NUMBER_OBJECT_CONVERSION = YES_AGGRESSIVE;
				CLANG_CXX_LANGUAGE_STANDARD = "gnu++20";
				CLANG_ENABLE_MODULES = YES;
				CLANG_ENABLE_OBJC_ARC = YES;
				CLANG_ENABLE_OBJC_WEAK = YES;
				CLANG_WARN_BLOCK_CAPTURE_AUTORELEASING = YES;
				CLANG_WARN_BOOL_CONVERSION = YES;
				CLANG_WARN_COMMA = YES;
				CLANG_WARN_CONSTANT_CONVERSION = YES;
				CLANG_WARN_DEPRECATED_OBJC_IMPLEMENTATIONS = YES;
				CLANG_WARN_DIRECT_OBJC_ISA_USAGE = YES_ERROR;
				CLANG_WARN_DOCUMENTATION_COMMENTS = YES;
				CLANG_WARN_EMPTY_BODY = YES;
				CLANG_WARN_ENUM_CONVERSION = YES;
				CLANG_WARN_INFINITE_RECURSION = YES;
				CLANG_WARN_INT_CONVERSION = YES;
				CLANG_WARN_NON_LITERAL_NULL_CONVERSION = YES;
				CLANG_WARN_OBJC_IMPLICIT_RETAIN_SELF = YES;
				CLANG_WARN_OBJC_LITERAL_CONVERSION = YES;
				CLANG_WARN_OBJC_ROOT_CLASS = YES_ERROR;
				CLANG_WARN_QUOTED_INCLUDE_IN_FRAMEWORK_HEADER = YES;
				CLANG_WARN_RANGE_LOOP_ANALYSIS = YES;
				CLANG_WARN_STRICT_PROTOTYPES = YES;
				CLANG_WARN_SUSPICIOUS_MOVE = YES;
				CLANG_WARN_UNGUARDED_AVAILABILITY = YES_AGGRESSIVE;
				CLANG_WARN_UNREACHABLE_CODE = YES;
				CLANG_WARN__DUPLICATE_METHOD_MATCH = YES;
				COPY_PHASE_STRIP = NO;
				DEBUG_INFORMATION_FORMAT = dwarf;
				ENABLE_STRICT_OBJC_MSGSEND = YES;
				ENABLE_TESTABILITY = YES;
				ENABLE_USER_SCRIPT_SANDBOXING = YES;
				GCC_C_LANGUAGE_STANDARD = gnu17;
				GCC_DYNAMIC_NO_PIC = NO;
				GCC_NO_COMMON_BLOCKS = YES;
				GCC_OPTIMIZATION_LEVEL = 0;
				GCC_PREPROCESSOR_DEFINITIONS = (
					"DEBUG=1",
					"$(inherited)",
				);
				GCC_WARN_64_TO_32_BIT_CONVERSION = YES;
				GCC_WARN_ABOUT_RETURN_TYPE = YES_ERROR;
				GCC_WARN_UNDECLARED_SELECTOR = YES;
				GCC_WARN_UNINITIALIZED_AUTOS = YES_AGGRESSIVE;
				GCC_WARN_UNUSED_FUNCTION = YES;
				GCC_WARN_UNUSED_VARIABLE = YES;
				IPHONEOS_DEPLOYMENT_TARGET = 17.0;
				LOCALIZATION_PREFERS_STRING_CATALOGS = YES;
				MTL_ENABLE_DEBUG_INFO = INCLUDE_SOURCE;
				MTL_FAST_MATH = YES;
				ONLY_ACTIVE_ARCH = YES;
				SDKROOT = iphoneos;
				SWIFT_ACTIVE_COMPILATION_CONDITIONS = "DEBUG $(inherited)";
				SWIFT_OPTIMIZATION_LEVEL = "-Onone";
			};
			name = Debug;
		};
		9D34255A2AE7F9D000091558 /* Release */ = {
			isa = XCBuildConfiguration;
			buildSettings = {
				ALWAYS_SEARCH_USER_PATHS = NO;
				ASSETCATALOG_COMPILER_GENERATE_SWIFT_ASSET_SYMBOL_EXTENSIONS = YES;
				CLANG_ANALYZER_NONNULL = YES;
				CLANG_ANALYZER_NUMBER_OBJECT_CONVERSION = YES_AGGRESSIVE;
				CLANG_CXX_LANGUAGE_STANDARD = "gnu++20";
				CLANG_ENABLE_MODULES = YES;
				CLANG_ENABLE_OBJC_ARC = YES;
				CLANG_ENABLE_OBJC_WEAK = YES;
				CLANG_WARN_BLOCK_CAPTURE_AUTORELEASING = YES;
				CLANG_WARN_BOOL_CONVERSION = YES;
				CLANG_WARN_COMMA = YES;
				CLANG_WARN_CONSTANT_CONVERSION = YES;
				CLANG_WARN_DEPRECATED_OBJC_IMPLEMENTATIONS = YES;
				CLANG_WARN_DIRECT_OBJC_ISA_USAGE = YES_ERROR;
				CLANG_WARN_DOCUMENTATION_COMMENTS = YES;
				CLANG_WARN_EMPTY_BODY = YES;
				CLANG_WARN_ENUM_CONVERSION = YES;
				CLANG_WARN_INFINITE_RECURSION = YES;
				CLANG_WARN_INT_CONVERSION = YES;
				CLANG_WARN_NON_LITERAL_NULL_CONVERSION = YES;
				CLANG_WARN_OBJC_IMPLICIT_RETAIN_SELF = YES;
				CLANG_WARN_OBJC_LITERAL_CONVERSION = YES;
				CLANG_WARN_OBJC_ROOT_CLASS = YES_ERROR;
				CLANG_WARN_QUOTED_INCLUDE_IN_FRAMEWORK_HEADER = YES;
				CLANG_WARN_RANGE_LOOP_ANALYSIS = YES;
				CLANG_WARN_STRICT_PROTOTYPES = YES;
				CLANG_WARN_SUSPICIOUS_MOVE = YES;
				CLANG_WARN_UNGUARDED_AVAILABILITY = YES_AGGRESSIVE;
				CLANG_WARN_UNREACHABLE_CODE = YES;
				CLANG_WARN__DUPLICATE_METHOD_MATCH = YES;
				COPY_PHASE_STRIP = NO;
				DEBUG_INFORMATION_FORMAT = "dwarf-with-dsym";
				ENABLE_NS_ASSERTIONS = NO;
				ENABLE_STRICT_OBJC_MSGSEND = YES;
				ENABLE_USER_SCRIPT_SANDBOXING = YES;
				GCC_C_LANGUAGE_STANDARD = gnu17;
				GCC_NO_COMMON_BLOCKS = YES;
				GCC_WARN_64_TO_32_BIT_CONVERSION = YES;
				GCC_WARN_ABOUT_RETURN_TYPE = YES_ERROR;
				GCC_WARN_UNDECLARED_SELECTOR = YES;
				GCC_WARN_UNINITIALIZED_AUTOS = YES_AGGRESSIVE;
				GCC_WARN_UNUSED_FUNCTION = YES;
				GCC_WARN_UNUSED_VARIABLE = YES;
				IPHONEOS_DEPLOYMENT_TARGET = 17.0;
				LOCALIZATION_PREFERS_STRING_CATALOGS = YES;
				MTL_ENABLE_DEBUG_INFO = NO;
				MTL_FAST_MATH = YES;
				SDKROOT = iphoneos;
				SWIFT_COMPILATION_MODE = wholemodule;
				VALIDATE_PRODUCT = YES;
			};
			name = Release;
		};
		9D34255C2AE7F9D000091558 /* Debug */ = {
			isa = XCBuildConfiguration;
			buildSettings = {
				ASSETCATALOG_COMPILER_APPICON_NAME = AppIcon;
				ASSETCATALOG_COMPILER_GLOBAL_ACCENT_COLOR_NAME = AccentColor;
				CODE_SIGN_STYLE = Automatic;
				CURRENT_PROJECT_VERSION = 1;
				DEVELOPMENT_ASSET_PATHS = "\"UnitTestingExample/Preview Content\"";
				ENABLE_PREVIEWS = YES;
				GENERATE_INFOPLIST_FILE = YES;
				INFOPLIST_KEY_UIApplicationSceneManifest_Generation = YES;
				INFOPLIST_KEY_UIApplicationSupportsIndirectInputEvents = YES;
				INFOPLIST_KEY_UILaunchScreen_Generation = YES;
				INFOPLIST_KEY_UISupportedInterfaceOrientations_iPad = "UIInterfaceOrientationPortrait UIInterfaceOrientationPortraitUpsideDown UIInterfaceOrientationLandscapeLeft UIInterfaceOrientationLandscapeRight";
				INFOPLIST_KEY_UISupportedInterfaceOrientations_iPhone = "UIInterfaceOrientationPortrait UIInterfaceOrientationLandscapeLeft UIInterfaceOrientationLandscapeRight";
				LD_RUNPATH_SEARCH_PATHS = (
					"$(inherited)",
					"@executable_path/Frameworks",
				);
				MARKETING_VERSION = 1.0;
				PRODUCT_BUNDLE_IDENTIFIER = com.maheshwaran.UnitTestingExample;
				PRODUCT_NAME = "$(TARGET_NAME)";
				SWIFT_EMIT_LOC_STRINGS = YES;
				SWIFT_VERSION = 5.0;
				TARGETED_DEVICE_FAMILY = "1,2";
			};
			name = Debug;
		};
		9D34255D2AE7F9D000091558 /* Release */ = {
			isa = XCBuildConfiguration;
			buildSettings = {
				ASSETCATALOG_COMPILER_APPICON_NAME = AppIcon;
				ASSETCATALOG_COMPILER_GLOBAL_ACCENT_COLOR_NAME = AccentColor;
				CODE_SIGN_STYLE = Automatic;
				CURRENT_PROJECT_VERSION = 1;
				DEVELOPMENT_ASSET_PATHS = "\"UnitTestingExample/Preview Content\"";
				ENABLE_PREVIEWS = YES;
				GENERATE_INFOPLIST_FILE = YES;
				INFOPLIST_KEY_UIApplicationSceneManifest_Generation = YES;
				INFOPLIST_KEY_UIApplicationSupportsIndirectInputEvents = YES;
				INFOPLIST_KEY_UILaunchScreen_Generation = YES;
				INFOPLIST_KEY_UISupportedInterfaceOrientations_iPad = "UIInterfaceOrientationPortrait UIInterfaceOrientationPortraitUpsideDown UIInterfaceOrientationLandscapeLeft UIInterfaceOrientationLandscapeRight";
				INFOPLIST_KEY_UISupportedInterfaceOrientations_iPhone = "UIInterfaceOrientationPortrait UIInterfaceOrientationLandscapeLeft UIInterfaceOrientationLandscapeRight";
				LD_RUNPATH_SEARCH_PATHS = (
					"$(inherited)",
					"@executable_path/Frameworks",
				);
				MARKETING_VERSION = 1.0;
				PRODUCT_BUNDLE_IDENTIFIER = com.maheshwaran.UnitTestingExample;
				PRODUCT_NAME = "$(TARGET_NAME)";
				SWIFT_EMIT_LOC_STRINGS = YES;
				SWIFT_VERSION = 5.0;
				TARGETED_DEVICE_FAMILY = "1,2";
			};
			name = Release;
		};
		9D34256B2AE7FCE600091558 /* Debug */ = {
			isa = XCBuildConfiguration;
			buildSettings = {
				BUNDLE_LOADER = "$(TEST_HOST)";
				CODE_SIGN_STYLE = Automatic;
				CURRENT_PROJECT_VERSION = 1;
				GENERATE_INFOPLIST_FILE = YES;
				MARKETING_VERSION = 1.0;
				PRODUCT_BUNDLE_IDENTIFIER = com.maheshwaran.UnitTestingExampleTests;
				PRODUCT_NAME = "$(TARGET_NAME)";
				SWIFT_EMIT_LOC_STRINGS = NO;
				SWIFT_VERSION = 5.0;
				TARGETED_DEVICE_FAMILY = "1,2";
				TEST_HOST = "$(BUILT_PRODUCTS_DIR)/UnitTestingExample.app/$(BUNDLE_EXECUTABLE_FOLDER_PATH)/UnitTestingExample";
			};
			name = Debug;
		};
		9D34256C2AE7FCE600091558 /* Release */ = {
			isa = XCBuildConfiguration;
			buildSettings = {
				BUNDLE_LOADER = "$(TEST_HOST)";
				CODE_SIGN_STYLE = Automatic;
				CURRENT_PROJECT_VERSION = 1;
				GENERATE_INFOPLIST_FILE = YES;
				MARKETING_VERSION = 1.0;
				PRODUCT_BUNDLE_IDENTIFIER = com.maheshwaran.UnitTestingExampleTests;
				PRODUCT_NAME = "$(TARGET_NAME)";
				SWIFT_EMIT_LOC_STRINGS = NO;
				SWIFT_VERSION = 5.0;
				TARGETED_DEVICE_FAMILY = "1,2";
				TEST_HOST = "$(BUILT_PRODUCTS_DIR)/UnitTestingExample.app/$(BUNDLE_EXECUTABLE_FOLDER_PATH)/UnitTestingExample";
			};
			name = Release;
		};
/* End XCBuildConfiguration section */

/* Begin XCConfigurationList section */
		9D3425482AE7F9CF00091558 /* Build configuration list for PBXProject "UnitTestingExample" */ = {
			isa = XCConfigurationList;
			buildConfigurations = (
				9D3425592AE7F9D000091558 /* Debug */,
				9D34255A2AE7F9D000091558 /* Release */,
			);
			defaultConfigurationIsVisible = 0;
			defaultConfigurationName = Release;
		};
		9D34255B2AE7F9D000091558 /* Build configuration list for PBXNativeTarget "UnitTestingExample" */ = {
			isa = XCConfigurationList;
			buildConfigurations = (
				9D34255C2AE7F9D000091558 /* Debug */,
				9D34255D2AE7F9D000091558 /* Release */,
			);
			defaultConfigurationIsVisible = 0;
			defaultConfigurationName = Release;
		};
		9D34256A2AE7FCE600091558 /* Build configuration list for PBXNativeTarget "UnitTestingExampleTests" */ = {
			isa = XCConfigurationList;
			buildConfigurations = (
				9D34256B2AE7FCE600091558 /* Debug */,
				9D34256C2AE7FCE600091558 /* Release */,
			);
			defaultConfigurationIsVisible = 0;
			defaultConfigurationName = Release;
		};
/* End XCConfigurationList section */
	};
	rootObject = 9D3425452AE7F9CF00091558 /* Project object */;
}
